
Microsoft Visual Studio Solution File, Format Version 12.00
# Visual Studio 2015
Project("{FAE04EC0-301F-11D3-BF4B-00C04F79EFBC}") = "PlaneGame", "PlaneGame.csproj", "{E6CB104E-C238-B0DF-CBF1-0F7FFFA61C9C}"
EndProject
Global
	GlobalSection(SolutionConfigurationPlatforms) = preSolution
		Debug|Any CPU = Debug|Any CPU
		Release|Any CPU = Release|Any CPU
	EndGlobalSection
	GlobalSection(ProjectConfigurationPlatforms) = postSolution
		{E6CB104E-C238-B0DF-CBF1-0F7FFFA61C9C}.Debug|Any CPU.ActiveCfg = Debug|Any CPU
		{E6CB104E-C238-B0DF-CBF1-0F7FFFA61C9C}.Debug|Any CPU.Build.0 = Debug|Any CPU
		{E6CB104E-C238-B0DF-CBF1-0F7FFFA61C9C}.Release|Any CPU.ActiveCfg = Release|Any CPU
		{E6CB104E-C238-B0DF-CBF1-0F7FFFA61C9C}.Release|Any CPU.Build.0 = Release|Any CPU
	EndGlobalSection
	GlobalSection(SolutionProperties) = preSolution
		HideSolutionNode = FALSE
	EndGlobalSection
EndGlobal
